
Microsoft Visual Studio Solution File, Format Version 12.00
# Visual Studio Version 17
VisualStudioVersion = 17.10.34928.147
MinimumVisualStudioVersion = 10.0.40219.1
Project("{FAE04EC0-301F-11D3-BF4B-00C04F79EFBC}") = "view-layouts", "view-layouts.csproj", "{43BB9117-DD78-48D5-B631-2B0EC711B05C}"
EndProject
Global
	GlobalSection(SolutionConfigurationPlatforms) = preSolution
		Debug|Any CPU = Debug|Any CPU
		Release|Any CPU = Release|Any CPU
	EndGlobalSection
	GlobalSection(ProjectConfigurationPlatforms) = postSolution
		{43BB9117-DD78-48D5-B631-2B0EC711B05C}.Debug|Any CPU.ActiveCfg = Debug|Any CPU
		{43BB9117-DD78-48D5-B631-2B0EC711B05C}.Debug|Any CPU.Build.0 = Debug|Any CPU
		{43BB9117-DD78-48D5-B631-2B0EC711B05C}.Release|Any CPU.ActiveCfg = Release|Any CPU
		{43BB9117-DD78-48D5-B631-2B0EC711B05C}.Release|Any CPU.Build.0 = Release|Any CPU
	EndGlobalSection
	GlobalSection(SolutionProperties) = preSolution
		HideSolutionNode = FALSE
	EndGlobalSection
	GlobalSection(ExtensibilityGlobals) = postSolution
		SolutionGuid = {07493F16-D035-44F4-9A16-6636D50D4675}
	EndGlobalSection
EndGlobal
