
Microsoft Visual Studio Solution File, Format Version 12.00
# Visual Studio 15
VisualStudioVersion = 15.0.33801.198
MinimumVisualStudioVersion = 10.0.40219.1
Project("{FAE04EC0-301F-11D3-BF4B-00C04F79EFBC}") = "MyFirstApp", "MyFirstApp.csproj", "{C77685B0-DDF2-4AC4-8AF5-263C7C634A95}"
EndProject
Global
	GlobalSection(SolutionConfigurationPlatforms) = preSolution
		Debug|Any CPU = Debug|Any CPU
		Release|Any CPU = Release|Any CPU
	EndGlobalSection
	GlobalSection(ProjectConfigurationPlatforms) = postSolution
		{C77685B0-DDF2-4AC4-8AF5-263C7C634A95}.Debug|Any CPU.ActiveCfg = Debug|Any CPU
		{C77685B0-DDF2-4AC4-8AF5-263C7C634A95}.Debug|Any CPU.Build.0 = Debug|Any CPU
		{C77685B0-DDF2-4AC4-8AF5-263C7C634A95}.Release|Any CPU.ActiveCfg = Release|Any CPU
		{C77685B0-DDF2-4AC4-8AF5-263C7C634A95}.Release|Any CPU.Build.0 = Release|Any CPU
	EndGlobalSection
	GlobalSection(SolutionProperties) = preSolution
		HideSolutionNode = FALSE
	EndGlobalSection
	GlobalSection(ExtensibilityGlobals) = postSolution
		SolutionGuid = {3DAD97AC-4A74-4A93-8C23-FCDB60E0FCE8}
	EndGlobalSection
EndGlobal
